dependencies:
- name: postgresql
  repository: https://kubernetes-charts.storage.googleapis.com/
  version: 6.2.0
- name: redis
  repository: https://kubernetes-charts.storage.googleapis.com/
  version: 9.0.1
- name: mssql
  repository: https://raw.githubusercontent.com/hardyscc/charts/master/
  version: 0.0.1
digest: sha256:98161b08450bbcaa5c94aae35cb356cef5c965b172ed54bc9f88191204429f65
generated: "2019-08-05T11:07:11.763477+08:00"
